
Microsoft Visual Studio Solution File, Format Version 12.00
# Visual Studio Version 17
VisualStudioVersion = 17.7.34024.191
MinimumVisualStudioVersion = 10.0.40219.1
Project("{9A19103F-16F7-4668-BE54-9A1E7A4F7556}") = "ExtentReports", "ExtentReports\ExtentReports.csproj", "{B80E46C7-1107-44EF-BAD2-683167699270}"
EndProject
Project("{9A19103F-16F7-4668-BE54-9A1E7A4F7556}") = "ExtentReports.Tests", "ExtentReports.Tests\ExtentReports.Tests.csproj", "{27C87D4D-6D19-4538-8407-9CC0F9865149}"
EndProject
Project("{9A19103F-16F7-4668-BE54-9A1E7A4F7556}") = "KlovReporter", "KlovReporter\KlovReporter.csproj", "{203A84FB-DF8E-4BF4-8425-314B4F910D48}"
EndProject
Project("{FAE04EC0-301F-11D3-BF4B-00C04F79EFBC}") = "ExtentXReporter", "ExtentXReporter\ExtentXReporter.csproj", "{D02885A5-E4D3-4203-9E19-779EAD3C2B97}"
EndProject
Global
	GlobalSection(SolutionConfigurationPlatforms) = preSolution
		Debug|Any CPU = Debug|Any CPU
		Release|Any CPU = Release|Any CPU
	EndGlobalSection
	GlobalSection(ProjectConfigurationPlatforms) = postSolution
		{B80E46C7-1107-44EF-BAD2-683167699270}.Debug|Any CPU.ActiveCfg = Debug|Any CPU
		{B80E46C7-1107-44EF-BAD2-683167699270}.Debug|Any CPU.Build.0 = Debug|Any CPU
		{B80E46C7-1107-44EF-BAD2-683167699270}.Release|Any CPU.ActiveCfg = Release|Any CPU
		{B80E46C7-1107-44EF-BAD2-683167699270}.Release|Any CPU.Build.0 = Release|Any CPU
		{27C87D4D-6D19-4538-8407-9CC0F9865149}.Debug|Any CPU.ActiveCfg = Debug|Any CPU
		{27C87D4D-6D19-4538-8407-9CC0F9865149}.Debug|Any CPU.Build.0 = Debug|Any CPU
		{27C87D4D-6D19-4538-8407-9CC0F9865149}.Release|Any CPU.ActiveCfg = Release|Any CPU
		{27C87D4D-6D19-4538-8407-9CC0F9865149}.Release|Any CPU.Build.0 = Release|Any CPU
		{203A84FB-DF8E-4BF4-8425-314B4F910D48}.Debug|Any CPU.ActiveCfg = Debug|Any CPU
		{203A84FB-DF8E-4BF4-8425-314B4F910D48}.Debug|Any CPU.Build.0 = Debug|Any CPU
		{203A84FB-DF8E-4BF4-8425-314B4F910D48}.Release|Any CPU.ActiveCfg = Release|Any CPU
		{203A84FB-DF8E-4BF4-8425-314B4F910D48}.Release|Any CPU.Build.0 = Release|Any CPU
		{D02885A5-E4D3-4203-9E19-779EAD3C2B97}.Debug|Any CPU.ActiveCfg = Debug|Any CPU
		{D02885A5-E4D3-4203-9E19-779EAD3C2B97}.Debug|Any CPU.Build.0 = Debug|Any CPU
		{D02885A5-E4D3-4203-9E19-779EAD3C2B97}.Release|Any CPU.ActiveCfg = Release|Any CPU
		{D02885A5-E4D3-4203-9E19-779EAD3C2B97}.Release|Any CPU.Build.0 = Release|Any CPU
	EndGlobalSection
	GlobalSection(SolutionProperties) = preSolution
		HideSolutionNode = FALSE
	EndGlobalSection
	GlobalSection(ExtensibilityGlobals) = postSolution
		SolutionGuid = {EA8B10A5-93EC-4130-A8F1-186F79242D02}
	EndGlobalSection
EndGlobal
