
Microsoft Visual Studio Solution File, Format Version 12.00
# Visual Studio 15
VisualStudioVersion = 15.0.28307.960
MinimumVisualStudioVersion = 10.0.40219.1
Project("{9A19103F-16F7-4668-BE54-9A1E7A4F7556}") = "ExtentReports", "extentreports-dotnet-core\ExtentReports.csproj", "{2B516987-7D8F-4A9F-A654-2E826BF76E1D}"
EndProject
Project("{FAE04EC0-301F-11D3-BF4B-00C04F79EFBC}") = "Appy", "Appy\Appy.csproj", "{7E7AA78F-2D17-48E8-9A59-3A9388F5CD7D}"
EndProject
Global
	GlobalSection(SolutionConfigurationPlatforms) = preSolution
		Debug|Any CPU = Debug|Any CPU
		Release|Any CPU = Release|Any CPU
	EndGlobalSection
	GlobalSection(ProjectConfigurationPlatforms) = postSolution
		{2B516987-7D8F-4A9F-A654-2E826BF76E1D}.Debug|Any CPU.ActiveCfg = Debug|Any CPU
		{2B516987-7D8F-4A9F-A654-2E826BF76E1D}.Debug|Any CPU.Build.0 = Debug|Any CPU
		{2B516987-7D8F-4A9F-A654-2E826BF76E1D}.Release|Any CPU.ActiveCfg = Release|Any CPU
		{2B516987-7D8F-4A9F-A654-2E826BF76E1D}.Release|Any CPU.Build.0 = Release|Any CPU
		{7E7AA78F-2D17-48E8-9A59-3A9388F5CD7D}.Debug|Any CPU.ActiveCfg = Debug|Any CPU
		{7E7AA78F-2D17-48E8-9A59-3A9388F5CD7D}.Debug|Any CPU.Build.0 = Debug|Any CPU
		{7E7AA78F-2D17-48E8-9A59-3A9388F5CD7D}.Release|Any CPU.ActiveCfg = Release|Any CPU
		{7E7AA78F-2D17-48E8-9A59-3A9388F5CD7D}.Release|Any CPU.Build.0 = Release|Any CPU
	EndGlobalSection
	GlobalSection(SolutionProperties) = preSolution
		HideSolutionNode = FALSE
	EndGlobalSection
	GlobalSection(ExtensibilityGlobals) = postSolution
		SolutionGuid = {86644F5F-5313-4E77-BB04-FAA15DA956AE}
	EndGlobalSection
EndGlobal
